
Microsoft Visual Studio Solution File, Format Version 12.00
# Visual Studio 14
VisualStudioVersion = 14.0.25420.1
MinimumVisualStudioVersion = 10.0.40219.1
Project("{D4B43EB3-688B-4EEE-86BD-088F0B28ABB3}") = "McAfee.Discovery", "GripLogix.McAfee.Discovery\McAfee.Discovery.mpproj", "{469AF6DC-5C68-4829-A46A-3F7A89CA4721}"
EndProject
Project("{D4B43EB3-688B-4EEE-86BD-088F0B28ABB3}") = "McAfee.Monitoring", "GripLogix.McAfee.Monitoring\McAfee.Monitoring.mpproj", "{F3E1687B-5354-496F-BBFC-D05E3CCDEA34}"
EndProject
Project("{D4B43EB3-688B-4EEE-86BD-088F0B28ABB3}") = "McAfee.Views", "GripLogix.McAfee.Views\McAfee.Views.mpproj", "{60B38B6F-D275-47CF-99BF-DB4716660FEE}"
EndProject
Global
	GlobalSection(SolutionConfigurationPlatforms) = preSolution
		Debug|x86 = Debug|x86
		Release|x86 = Release|x86
	EndGlobalSection
	GlobalSection(ProjectConfigurationPlatforms) = postSolution
		{469AF6DC-5C68-4829-A46A-3F7A89CA4721}.Debug|x86.ActiveCfg = Debug|x86
		{469AF6DC-5C68-4829-A46A-3F7A89CA4721}.Debug|x86.Build.0 = Debug|x86
		{469AF6DC-5C68-4829-A46A-3F7A89CA4721}.Release|x86.ActiveCfg = Release|x86
		{469AF6DC-5C68-4829-A46A-3F7A89CA4721}.Release|x86.Build.0 = Release|x86
		{F3E1687B-5354-496F-BBFC-D05E3CCDEA34}.Debug|x86.ActiveCfg = Debug|x86
		{F3E1687B-5354-496F-BBFC-D05E3CCDEA34}.Debug|x86.Build.0 = Debug|x86
		{F3E1687B-5354-496F-BBFC-D05E3CCDEA34}.Release|x86.ActiveCfg = Release|x86
		{F3E1687B-5354-496F-BBFC-D05E3CCDEA34}.Release|x86.Build.0 = Release|x86
		{60B38B6F-D275-47CF-99BF-DB4716660FEE}.Debug|x86.ActiveCfg = Debug|x86
		{60B38B6F-D275-47CF-99BF-DB4716660FEE}.Debug|x86.Build.0 = Debug|x86
		{60B38B6F-D275-47CF-99BF-DB4716660FEE}.Release|x86.ActiveCfg = Release|x86
		{60B38B6F-D275-47CF-99BF-DB4716660FEE}.Release|x86.Build.0 = Release|x86
	EndGlobalSection
	GlobalSection(SolutionProperties) = preSolution
		HideSolutionNode = FALSE
	EndGlobalSection
EndGlobal
